
Microsoft Visual Studio Solution File, Format Version 12.00
# Visual Studio 14
VisualStudioVersion = 14.0.24720.0
MinimumVisualStudioVersion = 10.0.40219.1
Project("{FAE04EC0-301F-11D3-BF4B-00C04F79EFBC}") = "PartialView_Jquery", "PartialView_Jquery\PartialView_Jquery.csproj", "{0FF5B866-5669-4DD7-8871-92E1A2243246}"
EndProject
Global
	GlobalSection(SolutionConfigurationPlatforms) = preSolution
		Debug|Any CPU = Debug|Any CPU
		Release|Any CPU = Release|Any CPU
	EndGlobalSection
	GlobalSection(ProjectConfigurationPlatforms) = postSolution
		{0FF5B866-5669-4DD7-8871-92E1A2243246}.Debug|Any CPU.ActiveCfg = Debug|Any CPU
		{0FF5B866-5669-4DD7-8871-92E1A2243246}.Debug|Any CPU.Build.0 = Debug|Any CPU
		{0FF5B866-5669-4DD7-8871-92E1A2243246}.Release|Any CPU.ActiveCfg = Release|Any CPU
		{0FF5B866-5669-4DD7-8871-92E1A2243246}.Release|Any CPU.Build.0 = Release|Any CPU
	EndGlobalSection
	GlobalSection(SolutionProperties) = preSolution
		HideSolutionNode = FALSE
	EndGlobalSection
EndGlobal
